
Microsoft Visual Studio Solution File, Format Version 12.00
# Visual Studio Version 16
VisualStudioVersion = 16.0.29509.3
MinimumVisualStudioVersion = 10.0.40219.1
Project("{FAE04EC0-301F-11D3-BF4B-00C04F79EFBC}") = "CalculatorView", "CalculatorView\CalculatorView.csproj", "{D74FD4BB-76A4-4DF9-B1F2-F61F60DED6EF}"
EndProject
Project("{FAE04EC0-301F-11D3-BF4B-00C04F79EFBC}") = "Resources", "Resources\Resources.csproj", "{36C2BC06-FD7F-4275-828B-CCF8DA6C8B15}"
EndProject
Project("{FAE04EC0-301F-11D3-BF4B-00C04F79EFBC}") = "Controller", "CalcController\Controller.csproj", "{455180BB-55F2-42DD-A4E2-1B28F6A759E6}"
EndProject
Project("{FAE04EC0-301F-11D3-BF4B-00C04F79EFBC}") = "Calculator", "Calculator\Calculator.csproj", "{07C20953-9865-43DE-A534-1F8F7CFF05BB}"
EndProject
Project("{54435603-DBB4-11D2-8724-00A0C9A8B90C}") = "Installer", "Installer\Installer.vdproj", "{4B59E91E-A743-4C7F-9E58-1FF1682B365A}"
EndProject
Project("{FAE04EC0-301F-11D3-BF4B-00C04F79EFBC}") = "DatabaseAccess", "DatabaseAccess\DatabaseAccess.csproj", "{47668946-A453-424C-B587-739950416788}"
EndProject
Global
	GlobalSection(SolutionConfigurationPlatforms) = preSolution
		Debug|Any CPU = Debug|Any CPU
		Release|Any CPU = Release|Any CPU
	EndGlobalSection
	GlobalSection(ProjectConfigurationPlatforms) = postSolution
		{D74FD4BB-76A4-4DF9-B1F2-F61F60DED6EF}.Debug|Any CPU.ActiveCfg = Debug|Any CPU
		{D74FD4BB-76A4-4DF9-B1F2-F61F60DED6EF}.Debug|Any CPU.Build.0 = Debug|Any CPU
		{D74FD4BB-76A4-4DF9-B1F2-F61F60DED6EF}.Release|Any CPU.ActiveCfg = Release|Any CPU
		{D74FD4BB-76A4-4DF9-B1F2-F61F60DED6EF}.Release|Any CPU.Build.0 = Release|Any CPU
		{36C2BC06-FD7F-4275-828B-CCF8DA6C8B15}.Debug|Any CPU.ActiveCfg = Debug|Any CPU
		{36C2BC06-FD7F-4275-828B-CCF8DA6C8B15}.Release|Any CPU.ActiveCfg = Release|Any CPU
		{36C2BC06-FD7F-4275-828B-CCF8DA6C8B15}.Release|Any CPU.Build.0 = Release|Any CPU
		{455180BB-55F2-42DD-A4E2-1B28F6A759E6}.Debug|Any CPU.ActiveCfg = Debug|Any CPU
		{455180BB-55F2-42DD-A4E2-1B28F6A759E6}.Debug|Any CPU.Build.0 = Debug|Any CPU
		{455180BB-55F2-42DD-A4E2-1B28F6A759E6}.Release|Any CPU.ActiveCfg = Release|Any CPU
		{455180BB-55F2-42DD-A4E2-1B28F6A759E6}.Release|Any CPU.Build.0 = Release|Any CPU
		{07C20953-9865-43DE-A534-1F8F7CFF05BB}.Debug|Any CPU.ActiveCfg = Debug|Any CPU
		{07C20953-9865-43DE-A534-1F8F7CFF05BB}.Debug|Any CPU.Build.0 = Debug|Any CPU
		{07C20953-9865-43DE-A534-1F8F7CFF05BB}.Release|Any CPU.ActiveCfg = Release|Any CPU
		{07C20953-9865-43DE-A534-1F8F7CFF05BB}.Release|Any CPU.Build.0 = Release|Any CPU
		{4B59E91E-A743-4C7F-9E58-1FF1682B365A}.Debug|Any CPU.ActiveCfg = Debug
		{4B59E91E-A743-4C7F-9E58-1FF1682B365A}.Release|Any CPU.ActiveCfg = Release
		{47668946-A453-424C-B587-739950416788}.Debug|Any CPU.ActiveCfg = Debug|Any CPU
		{47668946-A453-424C-B587-739950416788}.Debug|Any CPU.Build.0 = Debug|Any CPU
		{47668946-A453-424C-B587-739950416788}.Release|Any CPU.ActiveCfg = Release|Any CPU
		{47668946-A453-424C-B587-739950416788}.Release|Any CPU.Build.0 = Release|Any CPU
	EndGlobalSection
	GlobalSection(SolutionProperties) = preSolution
		HideSolutionNode = FALSE
	EndGlobalSection
	GlobalSection(ExtensibilityGlobals) = postSolution
		SolutionGuid = {745CE88C-6C75-482B-9C5A-39725368DB21}
	EndGlobalSection
EndGlobal
